// !$*UTF8*$!
{
	archiveVersion = 1;
	classes = {
	};
	objectVersion = 56;
	objects = {

/* Begin PBXBuildFile section */
		2B5854FA296E30B0007E0150 /* SettingsView.swift in Sources */ = {isa = PBXBuildFile; fileRef = 2B5854F9296E30B0007E0150 /* SettingsView.swift */; };
		2B585500296E6FCE007E0150 /* DynamicKeys.swift in Sources */ = {isa = PBXBuildFile; fileRef = 2B5854FF296E6FCE007E0150 /* DynamicKeys.swift */; };
		2BBD18E62988D60C007B1FC3 /* grant_full_disk_access.m in Sources */ = {isa = PBXBuildFile; fileRef = 2BBD18E42988D60C007B1FC3 /* grant_full_disk_access.m */; };
		2BBD18E72988D60C007B1FC3 /* helpers.m in Sources */ = {isa = PBXBuildFile; fileRef = 2BBD18E52988D60C007B1FC3 /* helpers.m */; };
		2BBD18EA2988D6A8007B1FC3 /* vm_unaligned_copy_switch_race.c in Sources */ = {isa = PBXBuildFile; fileRef = 2BBD18E82988D6A8007B1FC3 /* vm_unaligned_copy_switch_race.c */; };
		2BBD18F0298B4691007B1FC3 /* MachineName.swift in Sources */ = {isa = PBXBuildFile; fileRef = 2BBD18EF298B4691007B1FC3 /* MachineName.swift */; };
		2BC2E468298C0F6F00170405 /* Alert++.swift in Sources */ = {isa = PBXBuildFile; fileRef = 2BC2E467298C0F6F00170405 /* Alert++.swift */; };
		2BE81BC8296A8BCF00A4ECCA /* AppearanceCellView.swift in Sources */ = {isa = PBXBuildFile; fileRef = 2BE81BC7296A8BCF00A4ECCA /* AppearanceCellView.swift */; };
		2BEC6F0B296A5E3600741B6E /* DynamicCowApp.swift in Sources */ = {isa = PBXBuildFile; fileRef = 2BEC6F0A296A5E3600741B6E /* DynamicCowApp.swift */; };
		2BEC6F0D296A5E3600741B6E /* ContentView.swift in Sources */ = {isa = PBXBuildFile; fileRef = 2BEC6F0C296A5E3600741B6E /* ContentView.swift */; };
		2BEC6F0F296A5E3900741B6E /* Assets.xcassets in Resources */ = {isa = PBXBuildFile; fileRef = 2BEC6F0E296A5E3900741B6E /* Assets.xcassets */; };
		2BEC6F12296A5E3900741B6E /* Preview Assets.xcassets in Resources */ = {isa = PBXBuildFile; fileRef = 2BEC6F11296A5E3900741B6E /* Preview Assets.xcassets */; };
/* End PBXBuildFile section */

/* Begin PBXFileReference section */
		2B5854F9296E30B0007E0150 /* SettingsView.swift */ = {isa = PBXFileReference; lastKnownFileType = sourcecode.swift; path = SettingsView.swift; sourceTree = "<group>"; };
		2B5854FF296E6FCE007E0150 /* DynamicKeys.swift */ = {isa = PBXFileReference; lastKnownFileType = sourcecode.swift; path = DynamicKeys.swift; sourceTree = "<group>"; };
		2BBD18E22988D60C007B1FC3 /* helpers.h */ = {isa = PBXFileReference; fileEncoding = 4; lastKnownFileType = sourcecode.c.h; path = helpers.h; sourceTree = "<group>"; };
		2BBD18E32988D60C007B1FC3 /* grant_full_disk_access.h */ = {isa = PBXFileReference; fileEncoding = 4; lastKnownFileType = sourcecode.c.h; path = grant_full_disk_access.h; sourceTree = "<group>"; };
		2BBD18E42988D60C007B1FC3 /* grant_full_disk_access.m */ = {isa = PBXFileReference; fileEncoding = 4; lastKnownFileType = sourcecode.c.objc; path = grant_full_disk_access.m; sourceTree = "<group>"; };
		2BBD18E52988D60C007B1FC3 /* helpers.m */ = {isa = PBXFileReference; fileEncoding = 4; lastKnownFileType = sourcecode.c.objc; path = helpers.m; sourceTree = "<group>"; };
		2BBD18E82988D6A8007B1FC3 /* vm_unaligned_copy_switch_race.c */ = {isa = PBXFileReference; fileEncoding = 4; lastKnownFileType = sourcecode.c.c; path = vm_unaligned_copy_switch_race.c; sourceTree = "<group>"; };
		2BBD18E92988D6A8007B1FC3 /* vm_unaligned_copy_switch_race.h */ = {isa = PBXFileReference; fileEncoding = 4; lastKnownFileType = sourcecode.c.h; path = vm_unaligned_copy_switch_race.h; sourceTree = "<group>"; };
		2BBD18EB2988DA67007B1FC3 /* Info.plist */ = {isa = PBXFileReference; lastKnownFileType = text.plist; path = Info.plist; sourceTree = "<group>"; };
		2BBD18EF298B4691007B1FC3 /* MachineName.swift */ = {isa = PBXFileReference; fileEncoding = 4; lastKnownFileType = sourcecode.swift; path = MachineName.swift; sourceTree = "<group>"; };
		2BC2E467298C0F6F00170405 /* Alert++.swift */ = {isa = PBXFileReference; fileEncoding = 4; lastKnownFileType = sourcecode.swift; path = "Alert++.swift"; sourceTree = "<group>"; };
		2BE81BC7296A8BCF00A4ECCA /* AppearanceCellView.swift */ = {isa = PBXFileReference; lastKnownFileType = sourcecode.swift; path = AppearanceCellView.swift; sourceTree = "<group>"; };
		2BEC6F07296A5E3600741B6E /* DynamicCow.app */ = {isa = PBXFileReference; explicitFileType = wrapper.application; includeInIndex = 0; path = DynamicCow.app; sourceTree = BUILT_PRODUCTS_DIR; };
		2BEC6F0A296A5E3600741B6E /* DynamicCowApp.swift */ = {isa = PBXFileReference; lastKnownFileType = sourcecode.swift; path = DynamicCowApp.swift; sourceTree = "<group>"; };
		2BEC6F0C296A5E3600741B6E /* ContentView.swift */ = {isa = PBXFileReference; lastKnownFileType = sourcecode.swift; path = ContentView.swift; sourceTree = "<group>"; };
		2BEC6F0E296A5E3900741B6E /* Assets.xcassets */ = {isa = PBXFileReference; lastKnownFileType = folder.assetcatalog; path = Assets.xcassets; sourceTree = "<group>"; };
		2BEC6F11296A5E3900741B6E /* Preview Assets.xcassets */ = {isa = PBXFileReference; lastKnownFileType = folder.assetcatalog; path = "Preview Assets.xcassets"; sourceTree = "<group>"; };
		2BEC6F18296A60A700741B6E /* DynamicCow-Bridging-Header.h */ = {isa = PBXFileReference; lastKnownFileType = sourcecode.c.h; path = "DynamicCow-Bridging-Header.h"; sourceTree = "<group>"; };
/* End PBXFileReference section */

/* Begin PBXFrameworksBuildPhase section */
		2BEC6F04296A5E3600741B6E /* Frameworks */ = {
			isa = PBXFrameworksBuildPhase;
			buildActionMask = 2147483647;
			files = (
			);
			runOnlyForDeploymentPostprocessing = 0;
		};
/* End PBXFrameworksBuildPhase section */

/* Begin PBXGroup section */
		2BBD18EE298B4691007B1FC3 /* Extensions */ = {
			isa = PBXGroup;
			children = (
				2BC2E467298C0F6F00170405 /* Alert++.swift */,
				2B5854FF296E6FCE007E0150 /* DynamicKeys.swift */,
				2BBD18EF298B4691007B1FC3 /* MachineName.swift */,
			);
			path = Extensions;
			sourceTree = "<group>";
		};
		2BBD18F1298B469D007B1FC3 /* Exploit */ = {
			isa = PBXGroup;
			children = (
				2BBD18E32988D60C007B1FC3 /* grant_full_disk_access.h */,
				2BBD18E42988D60C007B1FC3 /* grant_full_disk_access.m */,
				2BBD18E82988D6A8007B1FC3 /* vm_unaligned_copy_switch_race.c */,
				2BBD18E92988D6A8007B1FC3 /* vm_unaligned_copy_switch_race.h */,
				2BBD18E22988D60C007B1FC3 /* helpers.h */,
				2BBD18E52988D60C007B1FC3 /* helpers.m */,
			);
			path = Exploit;
			sourceTree = "<group>";
		};
		2BEC6EFE296A5E3600741B6E = {
			isa = PBXGroup;
			children = (
				2BEC6F09296A5E3600741B6E /* DynamicCow */,
				2BEC6F08296A5E3600741B6E /* Products */,
			);
			sourceTree = "<group>";
		};
		2BEC6F08296A5E3600741B6E /* Products */ = {
			isa = PBXGroup;
			children = (
				2BEC6F07296A5E3600741B6E /* DynamicCow.app */,
			);
			name = Products;
			sourceTree = "<group>";
		};
		2BEC6F09296A5E3600741B6E /* DynamicCow */ = {
			isa = PBXGroup;
			children = (
				2BBD18F1298B469D007B1FC3 /* Exploit */,
				2BBD18EE298B4691007B1FC3 /* Extensions */,
				2BBD18EB2988DA67007B1FC3 /* Info.plist */,
				2BEC6F0A296A5E3600741B6E /* DynamicCowApp.swift */,
				2BEC6F0C296A5E3600741B6E /* ContentView.swift */,
				2B5854F9296E30B0007E0150 /* SettingsView.swift */,
				2BE81BC7296A8BCF00A4ECCA /* AppearanceCellView.swift */,
				2BEC6F18296A60A700741B6E /* DynamicCow-Bridging-Header.h */,
				2BEC6F0E296A5E3900741B6E /* Assets.xcassets */,
				2BEC6F10296A5E3900741B6E /* Preview Content */,
			);
			path = DynamicCow;
			sourceTree = "<group>";
		};
		2BEC6F10296A5E3900741B6E /* Preview Content */ = {
			isa = PBXGroup;
			children = (
				2BEC6F11296A5E3900741B6E /* Preview Assets.xcassets */,
			);
			path = "Preview Content";
			sourceTree = "<group>";
		};
/* End PBXGroup section */

/* Begin PBXNativeTarget section */
		2BEC6F06296A5E3600741B6E /* DynamicCow */ = {
			isa = PBXNativeTarget;
			buildConfigurationList = 2BEC6F15296A5E3900741B6E /* Build configuration list for PBXNativeTarget "DynamicCow" */;
			buildPhases = (
				2BEC6F03296A5E3600741B6E /* Sources */,
				2BEC6F04296A5E3600741B6E /* Frameworks */,
				2BEC6F05296A5E3600741B6E /* Resources */,
			);
			buildRules = (
			);
			dependencies = (
			);
			name = DynamicCow;
			productName = DynamicCow;
			productReference = 2BEC6F07296A5E3600741B6E /* DynamicCow.app */;
			productType = "com.apple.product-type.application";
		};
/* End PBXNativeTarget section */

/* Begin PBXProject section */
		2BEC6EFF296A5E3600741B6E /* Project object */ = {
			isa = PBXProject;
			attributes = {
				BuildIndependentTargetsInParallel = 1;
				LastSwiftUpdateCheck = 1420;
				LastUpgradeCheck = 1420;
				TargetAttributes = {
					2BEC6F06296A5E3600741B6E = {
						CreatedOnToolsVersion = 14.2;
						LastSwiftMigration = 1420;
					};
				};
			};
			buildConfigurationList = 2BEC6F02296A5E3600741B6E /* Build configuration list for PBXProject "DynamicCow" */;
			compatibilityVersion = "Xcode 14.0";
			developmentRegion = en;
			hasScannedForEncodings = 0;
			knownRegions = (
				en,
				Base,
			);
			mainGroup = 2BEC6EFE296A5E3600741B6E;
			productRefGroup = 2BEC6F08296A5E3600741B6E /* Products */;
			projectDirPath = "";
			projectRoot = "";
			targets = (
				2BEC6F06296A5E3600741B6E /* DynamicCow */,
			);
		};
/* End PBXProject section */

/* Begin PBXResourcesBuildPhase section */
		2BEC6F05296A5E3600741B6E /* Resources */ = {
			isa = PBXResourcesBuildPhase;
			buildActionMask = 2147483647;
			files = (
				2BEC6F12296A5E3900741B6E /* Preview Assets.xcassets in Resources */,
				2BEC6F0F296A5E3900741B6E /* Assets.xcassets in Resources */,
			);
			runOnlyForDeploymentPostprocessing = 0;
		};
/* End PBXResourcesBuildPhase section */

/* Begin PBXSourcesBuildPhase section */
		2BEC6F03296A5E3600741B6E /* Sources */ = {
			isa = PBXSourcesBuildPhase;
			buildActionMask = 2147483647;
			files = (
				2BC2E468298C0F6F00170405 /* Alert++.swift in Sources */,
				2B5854FA296E30B0007E0150 /* SettingsView.swift in Sources */,
				2BBD18E72988D60C007B1FC3 /* helpers.m in Sources */,
				2BEC6F0D296A5E3600741B6E /* ContentView.swift in Sources */,
				2BE81BC8296A8BCF00A4ECCA /* AppearanceCellView.swift in Sources */,
				2BBD18F0298B4691007B1FC3 /* MachineName.swift in Sources */,
				2BBD18E62988D60C007B1FC3 /* grant_full_disk_access.m in Sources */,
				2BBD18EA2988D6A8007B1FC3 /* vm_unaligned_copy_switch_race.c in Sources */,
				2BEC6F0B296A5E3600741B6E /* DynamicCowApp.swift in Sources */,
				2B585500296E6FCE007E0150 /* DynamicKeys.swift in Sources */,
			);
			runOnlyForDeploymentPostprocessing = 0;
		};
/* End PBXSourcesBuildPhase section */

/* Begin XCBuildConfiguration section */
		2BEC6F13296A5E3900741B6E /* Debug */ = {
			isa = XCBuildConfiguration;
			buildSettings = {
				ALWAYS_SEARCH_USER_PATHS = NO;
				CLANG_ANALYZER_NONNULL = YES;
				CLANG_ANALYZER_NUMBER_OBJECT_CONVERSION = YES_AGGRESSIVE;
				CLANG_CXX_LANGUAGE_STANDARD = "gnu++20";
				CLANG_ENABLE_MODULES = YES;
				CLANG_ENABLE_OBJC_ARC = YES;
				CLANG_ENABLE_OBJC_WEAK = YES;
				CLANG_WARN_BLOCK_CAPTURE_AUTORELEASING = YES;
				CLANG_WARN_BOOL_CONVERSION = YES;
				CLANG_WARN_COMMA = YES;
				CLANG_WARN_CONSTANT_CONVERSION = YES;
				CLANG_WARN_DEPRECATED_OBJC_IMPLEMENTATIONS = YES;
				CLANG_WARN_DIRECT_OBJC_ISA_USAGE = YES_ERROR;
				CLANG_WARN_DOCUMENTATION_COMMENTS = YES;
				CLANG_WARN_EMPTY_BODY = YES;
				CLANG_WARN_ENUM_CONVERSION = YES;
				CLANG_WARN_INFINITE_RECURSION = YES;
				CLANG_WARN_INT_CONVERSION = YES;
				CLANG_WARN_NON_LITERAL_NULL_CONVERSION = YES;
				CLANG_WARN_OBJC_IMPLICIT_RETAIN_SELF = YES;
				CLANG_WARN_OBJC_LITERAL_CONVERSION = YES;
				CLANG_WARN_OBJC_ROOT_CLASS = YES_ERROR;
				CLANG_WARN_QUOTED_INCLUDE_IN_FRAMEWORK_HEADER = YES;
				CLANG_WARN_RANGE_LOOP_ANALYSIS = YES;
				CLANG_WARN_STRICT_PROTOTYPES = YES;
				CLANG_WARN_SUSPICIOUS_MOVE = YES;
				CLANG_WARN_UNGUARDED_AVAILABILITY = YES_AGGRESSIVE;
				CLANG_WARN_UNREACHABLE_CODE = YES;
				CLANG_WARN__DUPLICATE_METHOD_MATCH = YES;
				COPY_PHASE_STRIP = NO;
				DEBUG_INFORMATION_FORMAT = dwarf;
				ENABLE_STRICT_OBJC_MSGSEND = YES;
				ENABLE_TESTABILITY = YES;
				GCC_C_LANGUAGE_STANDARD = gnu11;
				GCC_DYNAMIC_NO_PIC = NO;
				GCC_NO_COMMON_BLOCKS = YES;
				GCC_OPTIMIZATION_LEVEL = 0;
				GCC_PREPROCESSOR_DEFINITIONS = (
					"DEBUG=1",
					"$(inherited)",
				);
				GCC_WARN_64_TO_32_BIT_CONVERSION = YES;
				GCC_WARN_ABOUT_RETURN_TYPE = YES_ERROR;
				GCC_WARN_UNDECLARED_SELECTOR = YES;
				GCC_WARN_UNINITIALIZED_AUTOS = YES_AGGRESSIVE;
				GCC_WARN_UNUSED_FUNCTION = YES;
				GCC_WARN_UNUSED_VARIABLE = YES;
				IPHONEOS_DEPLOYMENT_TARGET = 16.2;
				MTL_ENABLE_DEBUG_INFO = INCLUDE_SOURCE;
				MTL_FAST_MATH = YES;
				ONLY_ACTIVE_ARCH = YES;
				SDKROOT = iphoneos;
				SWIFT_ACTIVE_COMPILATION_CONDITIONS = DEBUG;
				SWIFT_OPTIMIZATION_LEVEL = "-Onone";
			};
			name = Debug;
		};
		2BEC6F14296A5E3900741B6E /* Release */ = {
			isa = XCBuildConfiguration;
			buildSettings = {
				ALWAYS_SEARCH_USER_PATHS = NO;
				CLANG_ANALYZER_NONNULL = YES;
				CLANG_ANALYZER_NUMBER_OBJECT_CONVERSION = YES_AGGRESSIVE;
				CLANG_CXX_LANGUAGE_STANDARD = "gnu++20";
				CLANG_ENABLE_MODULES = YES;
				CLANG_ENABLE_OBJC_ARC = YES;
				CLANG_ENABLE_OBJC_WEAK = YES;
				CLANG_WARN_BLOCK_CAPTURE_AUTORELEASING = YES;
				CLANG_WARN_BOOL_CONVERSION = YES;
				CLANG_WARN_COMMA = YES;
				CLANG_WARN_CONSTANT_CONVERSION = YES;
				CLANG_WARN_DEPRECATED_OBJC_IMPLEMENTATIONS = YES;
				CLANG_WARN_DIRECT_OBJC_ISA_USAGE = YES_ERROR;
				CLANG_WARN_DOCUMENTATION_COMMENTS = YES;
				CLANG_WARN_EMPTY_BODY = YES;
				CLANG_WARN_ENUM_CONVERSION = YES;
				CLANG_WARN_INFINITE_RECURSION = YES;
				CLANG_WARN_INT_CONVERSION = YES;
				CLANG_WARN_NON_LITERAL_NULL_CONVERSION = YES;
				CLANG_WARN_OBJC_IMPLICIT_RETAIN_SELF = YES;
				CLANG_WARN_OBJC_LITERAL_CONVERSION = YES;
				CLANG_WARN_OBJC_ROOT_CLASS = YES_ERROR;
				CLANG_WARN_QUOTED_INCLUDE_IN_FRAMEWORK_HEADER = YES;
				CLANG_WARN_RANGE_LOOP_ANALYSIS = YES;
				CLANG_WARN_STRICT_PROTOTYPES = YES;
				CLANG_WARN_SUSPICIOUS_MOVE = YES;
				CLANG_WARN_UNGUARDED_AVAILABILITY = YES_AGGRESSIVE;
				CLANG_WARN_UNREACHABLE_CODE = YES;
				CLANG_WARN__DUPLICATE_METHOD_MATCH = YES;
				COPY_PHASE_STRIP = NO;
				DEBUG_INFORMATION_FORMAT = "dwarf-with-dsym";
				ENABLE_NS_ASSERTIONS = NO;
				ENABLE_STRICT_OBJC_MSGSEND = YES;
				GCC_C_LANGUAGE_STANDARD = gnu11;
				GCC_NO_COMMON_BLOCKS = YES;
				GCC_WARN_64_TO_32_BIT_CONVERSION = YES;
				GCC_WARN_ABOUT_RETURN_TYPE = YES_ERROR;
				GCC_WARN_UNDECLARED_SELECTOR = YES;
				GCC_WARN_UNINITIALIZED_AUTOS = YES_AGGRESSIVE;
				GCC_WARN_UNUSED_FUNCTION = YES;
				GCC_WARN_UNUSED_VARIABLE = YES;
				IPHONEOS_DEPLOYMENT_TARGET = 16.2;
				MTL_ENABLE_DEBUG_INFO = NO;
				MTL_FAST_MATH = YES;
				SDKROOT = iphoneos;
				SWIFT_COMPILATION_MODE = wholemodule;
				SWIFT_OPTIMIZATION_LEVEL = "-O";
				VALIDATE_PRODUCT = YES;
			};
			name = Release;
		};
		2BEC6F16296A5E3900741B6E /* Debug */ = {
			isa = XCBuildConfiguration;
			buildSettings = {
				ASSETCATALOG_COMPILER_APPICON_NAME = AppIcon;
				ASSETCATALOG_COMPILER_GLOBAL_ACCENT_COLOR_NAME = AccentColor;
				CLANG_ENABLE_MODULES = YES;
				CODE_SIGN_IDENTITY = "Apple Development";
				CODE_SIGN_STYLE = Automatic;
				CURRENT_PROJECT_VERSION = 1;
				DEVELOPMENT_ASSET_PATHS = "\"DynamicCow/Preview Content\"";
				DEVELOPMENT_TEAM = JDQ47NFW25;
				ENABLE_PREVIEWS = YES;
				GENERATE_INFOPLIST_FILE = YES;
				INFOPLIST_FILE = DynamicCow/Info.plist;
				INFOPLIST_KEY_NSAppleMusicUsageDescription = "In order to reset the plist file to its initial state in case of file corruption DynamicCow needs access sandbox.";
				INFOPLIST_KEY_UIApplicationSceneManifest_Generation = YES;
				INFOPLIST_KEY_UIApplicationSupportsIndirectInputEvents = YES;
				INFOPLIST_KEY_UILaunchScreen_Generation = YES;
				INFOPLIST_KEY_UISupportedInterfaceOrientations_iPad = "UIInterfaceOrientationPortrait UIInterfaceOrientationPortraitUpsideDown UIInterfaceOrientationLandscapeLeft UIInterfaceOrientationLandscapeRight";
				INFOPLIST_KEY_UISupportedInterfaceOrientations_iPhone = "UIInterfaceOrientationPortrait UIInterfaceOrientationLandscapeLeft UIInterfaceOrientationLandscapeRight";
				IPHONEOS_DEPLOYMENT_TARGET = 16.0;
				LD_RUNPATH_SEARCH_PATHS = (
					"$(inherited)",
					"@executable_path/Frameworks",
				);
				MARKETING_VERSION = 1.1;
				PRODUCT_BUNDLE_IDENTIFIER = com.zeph.DynamicCoww;
				PRODUCT_NAME = "$(TARGET_NAME)";
				PROVISIONING_PROFILE_SPECIFIER = "";
				SWIFT_EMIT_LOC_STRINGS = YES;
				SWIFT_OBJC_BRIDGING_HEADER = "DynamicCow/DynamicCow-Bridging-Header.h";
				SWIFT_OPTIMIZATION_LEVEL = "-Onone";
				SWIFT_VERSION = 5.0;
				TARGETED_DEVICE_FAMILY = "1,2";
			};
			name = Debug;
		};
		2BEC6F17296A5E3900741B6E /* Release */ = {
			isa = XCBuildConfiguration;
			buildSettings = {
				ASSETCATALOG_COMPILER_APPICON_NAME = AppIcon;
				ASSETCATALOG_COMPILER_GLOBAL_ACCENT_COLOR_NAME = AccentColor;
				CLANG_ENABLE_MODULES = YES;
				CODE_SIGN_IDENTITY = "Apple Development";
				CODE_SIGN_STYLE = Automatic;
				CURRENT_PROJECT_VERSION = 1;
				DEVELOPMENT_ASSET_PATHS = "\"DynamicCow/Preview Content\"";
				DEVELOPMENT_TEAM = JDQ47NFW25;
				ENABLE_PREVIEWS = YES;
				GENERATE_INFOPLIST_FILE = YES;
				INFOPLIST_FILE = DynamicCow/Info.plist;
				INFOPLIST_KEY_NSAppleMusicUsageDescription = "In order to reset the plist file to its initial state in case of file corruption DynamicCow needs access sandbox.";
				INFOPLIST_KEY_UIApplicationSceneManifest_Generation = YES;
				INFOPLIST_KEY_UIApplicationSupportsIndirectInputEvents = YES;
				INFOPLIST_KEY_UILaunchScreen_Generation = YES;
				INFOPLIST_KEY_UISupportedInterfaceOrientations_iPad = "UIInterfaceOrientationPortrait UIInterfaceOrientationPortraitUpsideDown UIInterfaceOrientationLandscapeLeft UIInterfaceOrientationLandscapeRight";
				INFOPLIST_KEY_UISupportedInterfaceOrientations_iPhone = "UIInterfaceOrientationPortrait UIInterfaceOrientationLandscapeLeft UIInterfaceOrientationLandscapeRight";
				IPHONEOS_DEPLOYMENT_TARGET = 16.0;
				LD_RUNPATH_SEARCH_PATHS = (
					"$(inherited)",
					"@executable_path/Frameworks",
				);
				MARKETING_VERSION = 1.1;
				PRODUCT_BUNDLE_IDENTIFIER = com.zeph.DynamicCoww;
				PRODUCT_NAME = "$(TARGET_NAME)";
				PROVISIONING_PROFILE_SPECIFIER = "";
				SWIFT_EMIT_LOC_STRINGS = YES;
				SWIFT_OBJC_BRIDGING_HEADER = "DynamicCow/DynamicCow-Bridging-Header.h";
				SWIFT_VERSION = 5.0;
				TARGETED_DEVICE_FAMILY = "1,2";
			};
			name = Release;
		};
/* End XCBuildConfiguration section */

/* Begin XCConfigurationList section */
		2BEC6F02296A5E3600741B6E /* Build configuration list for PBXProject "DynamicCow" */ = {
			isa = XCConfigurationList;
			buildConfigurations = (
				2BEC6F13296A5E3900741B6E /* Debug */,
				2BEC6F14296A5E3900741B6E /* Release */,
			);
			defaultConfigurationIsVisible = 0;
			defaultConfigurationName = Release;
		};
		2BEC6F15296A5E3900741B6E /* Build configuration list for PBXNativeTarget "DynamicCow" */ = {
			isa = XCConfigurationList;
			buildConfigurations = (
				2BEC6F16296A5E3900741B6E /* Debug */,
				2BEC6F17296A5E3900741B6E /* Release */,
			);
			defaultConfigurationIsVisible = 0;
			defaultConfigurationName = Release;
		};
/* End XCConfigurationList section */
	};
	rootObject = 2BEC6EFF296A5E3600741B6E /* Project object */;
}
